
Microsoft Visual Studio Solution File, Format Version 12.00
# Visual Studio Version 16
VisualStudioVersion = 16.0.31424.327
MinimumVisualStudioVersion = 10.0.40219.1
Project("{9A19103F-16F7-4668-BE54-9A1E7A4F7556}") = "DesignPattern", "DesignPattern\DesignPattern.csproj", "{14E46FD0-B82C-47A9-8C33-B537DB003421}"
EndProject
Project("{FAE04EC0-301F-11D3-BF4B-00C04F79EFBC}") = "DesignPatternsAsp", "DesignPatternsAsp\DesignPatternsAsp.csproj", "{D07EA04B-9993-487C-A9B3-9022F364C2EC}"
EndProject
Project("{FAE04EC0-301F-11D3-BF4B-00C04F79EFBC}") = "Tools", "Tools\Tools.csproj", "{B0D97AC2-176A-4AE9-AFB0-654A9BDC9207}"
EndProject
Global
	GlobalSection(SolutionConfigurationPlatforms) = preSolution
		Debug|Any CPU = Debug|Any CPU
		Release|Any CPU = Release|Any CPU
	EndGlobalSection
	GlobalSection(ProjectConfigurationPlatforms) = postSolution
		{14E46FD0-B82C-47A9-8C33-B537DB003421}.Debug|Any CPU.ActiveCfg = Debug|Any CPU
		{14E46FD0-B82C-47A9-8C33-B537DB003421}.Debug|Any CPU.Build.0 = Debug|Any CPU
		{14E46FD0-B82C-47A9-8C33-B537DB003421}.Release|Any CPU.ActiveCfg = Release|Any CPU
		{14E46FD0-B82C-47A9-8C33-B537DB003421}.Release|Any CPU.Build.0 = Release|Any CPU
		{D07EA04B-9993-487C-A9B3-9022F364C2EC}.Debug|Any CPU.ActiveCfg = Debug|Any CPU
		{D07EA04B-9993-487C-A9B3-9022F364C2EC}.Debug|Any CPU.Build.0 = Debug|Any CPU
		{D07EA04B-9993-487C-A9B3-9022F364C2EC}.Release|Any CPU.ActiveCfg = Release|Any CPU
		{D07EA04B-9993-487C-A9B3-9022F364C2EC}.Release|Any CPU.Build.0 = Release|Any CPU
		{B0D97AC2-176A-4AE9-AFB0-654A9BDC9207}.Debug|Any CPU.ActiveCfg = Debug|Any CPU
		{B0D97AC2-176A-4AE9-AFB0-654A9BDC9207}.Debug|Any CPU.Build.0 = Debug|Any CPU
		{B0D97AC2-176A-4AE9-AFB0-654A9BDC9207}.Release|Any CPU.ActiveCfg = Release|Any CPU
		{B0D97AC2-176A-4AE9-AFB0-654A9BDC9207}.Release|Any CPU.Build.0 = Release|Any CPU
	EndGlobalSection
	GlobalSection(SolutionProperties) = preSolution
		HideSolutionNode = FALSE
	EndGlobalSection
	GlobalSection(ExtensibilityGlobals) = postSolution
		SolutionGuid = {A04FA4EB-85F2-4165-A08F-FE39465D8BF2}
	EndGlobalSection
EndGlobal
